
Microsoft Visual Studio Solution File, Format Version 12.00
# Visual Studio Version 17
VisualStudioVersion = 17.7.34221.43
MinimumVisualStudioVersion = 10.0.40219.1
Project("{9A19103F-16F7-4668-BE54-9A1E7A4F7556}") = "Magnum API web application", "Magnum API web application.csproj", "{D2C03BC3-700E-4037-BDCF-881BA0BB9BA4}"
EndProject
Project("{2150E333-8FDC-42A3-9474-1A3956D46DE8}") = "API", "API", "{78CF14A1-7A35-49C1-8B5A-F15E86821C9D}"
EndProject
Global
	GlobalSection(SolutionConfigurationPlatforms) = preSolution
		Debug|Any CPU = Debug|Any CPU
		Release|Any CPU = Release|Any CPU
	EndGlobalSection
	GlobalSection(ProjectConfigurationPlatforms) = postSolution
		{D2C03BC3-700E-4037-BDCF-881BA0BB9BA4}.Debug|Any CPU.ActiveCfg = Debug|Any CPU
		{D2C03BC3-700E-4037-BDCF-881BA0BB9BA4}.Debug|Any CPU.Build.0 = Debug|Any CPU
		{D2C03BC3-700E-4037-BDCF-881BA0BB9BA4}.Release|Any CPU.ActiveCfg = Release|Any CPU
		{D2C03BC3-700E-4037-BDCF-881BA0BB9BA4}.Release|Any CPU.Build.0 = Release|Any CPU
	EndGlobalSection
	GlobalSection(SolutionProperties) = preSolution
		HideSolutionNode = FALSE
	EndGlobalSection
	GlobalSection(NestedProjects) = preSolution
		{D2C03BC3-700E-4037-BDCF-881BA0BB9BA4} = {78CF14A1-7A35-49C1-8B5A-F15E86821C9D}
	EndGlobalSection
	GlobalSection(ExtensibilityGlobals) = postSolution
		SolutionGuid = {DED1DC44-0299-4350-AB2E-EFA321F23EAE}
	EndGlobalSection
EndGlobal
